
Microsoft Visual Studio Solution File, Format Version 12.00
# Visual Studio Version 17
VisualStudioVersion = 17.5.002.0
MinimumVisualStudioVersion = 10.0.40219.1
Project("{9A19103F-16F7-4668-BE54-9A1E7A4F7556}") = "db-orm-test", "db-orm-test.csproj", "{00F46A66-22C8-45AC-B058-FA7D34359168}"
EndProject
Global
	GlobalSection(SolutionConfigurationPlatforms) = preSolution
		Debug|Any CPU = Debug|Any CPU
		Release|Any CPU = Release|Any CPU
	EndGlobalSection
	GlobalSection(ProjectConfigurationPlatforms) = postSolution
		{00F46A66-22C8-45AC-B058-FA7D34359168}.Debug|Any CPU.ActiveCfg = Debug|Any CPU
		{00F46A66-22C8-45AC-B058-FA7D34359168}.Debug|Any CPU.Build.0 = Debug|Any CPU
		{00F46A66-22C8-45AC-B058-FA7D34359168}.Release|Any CPU.ActiveCfg = Release|Any CPU
		{00F46A66-22C8-45AC-B058-FA7D34359168}.Release|Any CPU.Build.0 = Release|Any CPU
	EndGlobalSection
	GlobalSection(SolutionProperties) = preSolution
		HideSolutionNode = FALSE
	EndGlobalSection
	GlobalSection(ExtensibilityGlobals) = postSolution
		SolutionGuid = {2E9CB3F9-C428-4A80-807B-FB3EE4D904BA}
	EndGlobalSection
EndGlobal
